// !$*UTF8*$!
{
	archiveVersion = 1;
	classes = {
	};
	objectVersion = 46;
	objects = {

/* Begin PBXBuildFile section */
		2107BDFB1C9D3B7E005C46EE /* ProximityViewController.swift in Sources */ = {isa = PBXBuildFile; fileRef = 2107BDFA1C9D3B7E005C46EE /* ProximityViewController.swift */; };
		21163D5D1C9E1B46005CC2D0 /* ShakeViewController.swift in Sources */ = {isa = PBXBuildFile; fileRef = 21163D5C1C9E1B46005CC2D0 /* ShakeViewController.swift */; };
		DC6FCCF91C9813D1004C61E0 /* AppDelegate.swift in Sources */ = {isa = PBXBuildFile; fileRef = DC6FCCF81C9813D1004C61E0 /* AppDelegate.swift */; };
		DC6FCCFB1C9813D1004C61E0 /* BatteryViewController.swift in Sources */ = {isa = PBXBuildFile; fileRef = DC6FCCFA1C9813D1004C61E0 /* BatteryViewController.swift */; };
		DC6FCCFE1C9813D1004C61E0 /* Main.storyboard in Resources */ = {isa = PBXBuildFile; fileRef = DC6FCCFC1C9813D1004C61E0 /* Main.storyboard */; };
		DC6FCD001C9813D1004C61E0 /* Assets.xcassets in Resources */ = {isa = PBXBuildFile; fileRef = DC6FCCFF1C9813D1004C61E0 /* Assets.xcassets */; };
		DC6FCD031C9813D1004C61E0 /* LaunchScreen.storyboard in Resources */ = {isa = PBXBuildFile; fileRef = DC6FCD011C9813D1004C61E0 /* LaunchScreen.storyboard */; };
/* End PBXBuildFile section */

/* Begin PBXFileReference section */
		2107BDFA1C9D3B7E005C46EE /* ProximityViewController.swift */ = {isa = PBXFileReference; fileEncoding = 4; lastKnownFileType = sourcecode.swift; name = ProximityViewController.swift; path = Controller/ProximityViewController.swift; sourceTree = "<group>"; };
		21163D5C1C9E1B46005CC2D0 /* ShakeViewController.swift */ = {isa = PBXFileReference; fileEncoding = 4; lastKnownFileType = sourcecode.swift; name = ShakeViewController.swift; path = Controller/ShakeViewController.swift; sourceTree = "<group>"; };
		DC6FCCF51C9813D1004C61E0 /* iSensorSwift.app */ = {isa = PBXFileReference; explicitFileType = wrapper.application; includeInIndex = 0; path = iSensorSwift.app; sourceTree = BUILT_PRODUCTS_DIR; };
		DC6FCCF81C9813D1004C61E0 /* AppDelegate.swift */ = {isa = PBXFileReference; lastKnownFileType = sourcecode.swift; path = AppDelegate.swift; sourceTree = "<group>"; };
		DC6FCCFA1C9813D1004C61E0 /* BatteryViewController.swift */ = {isa = PBXFileReference; lastKnownFileType = sourcecode.swift; name = BatteryViewController.swift; path = Controller/BatteryViewController.swift; sourceTree = "<group>"; };
		DC6FCCFD1C9813D1004C61E0 /* Base */ = {isa = PBXFileReference; lastKnownFileType = file.storyboard; name = Base; path = Base.lproj/Main.storyboard; sourceTree = "<group>"; };
		DC6FCCFF1C9813D1004C61E0 /* Assets.xcassets */ = {isa = PBXFileReference; lastKnownFileType = folder.assetcatalog; path = Assets.xcassets; sourceTree = "<group>"; };
		DC6FCD021C9813D1004C61E0 /* Base */ = {isa = PBXFileReference; lastKnownFileType = file.storyboard; name = Base; path = Base.lproj/LaunchScreen.storyboard; sourceTree = "<group>"; };
		DC6FCD041C9813D1004C61E0 /* Info.plist */ = {isa = PBXFileReference; lastKnownFileType = text.plist.xml; path = Info.plist; sourceTree = "<group>"; };
/* End PBXFileReference section */

/* Begin PBXFrameworksBuildPhase section */
		DC6FCCF21C9813D1004C61E0 /* Frameworks */ = {
			isa = PBXFrameworksBuildPhase;
			buildActionMask = 2147483647;
			files = (
			);
			runOnlyForDeploymentPostprocessing = 0;
		};
/* End PBXFrameworksBuildPhase section */

/* Begin PBXGroup section */
		2107BDF91C9D3B3D005C46EE /* Controller */ = {
			isa = PBXGroup;
			children = (
				DC6FCCFA1C9813D1004C61E0 /* BatteryViewController.swift */,
				2107BDFA1C9D3B7E005C46EE /* ProximityViewController.swift */,
				21163D5C1C9E1B46005CC2D0 /* ShakeViewController.swift */,
			);
			name = Controller;
			sourceTree = "<group>";
		};
		DC6FCCEC1C9813D1004C61E0 = {
			isa = PBXGroup;
			children = (
				DC6FCCF71C9813D1004C61E0 /* iSensorSwift */,
				DC6FCCF61C9813D1004C61E0 /* Products */,
			);
			sourceTree = "<group>";
		};
		DC6FCCF61C9813D1004C61E0 /* Products */ = {
			isa = PBXGroup;
			children = (
				DC6FCCF51C9813D1004C61E0 /* iSensorSwift.app */,
			);
			name = Products;
			sourceTree = "<group>";
		};
		DC6FCCF71C9813D1004C61E0 /* iSensorSwift */ = {
			isa = PBXGroup;
			children = (
				2107BDF91C9D3B3D005C46EE /* Controller */,
				DC6FCCF81C9813D1004C61E0 /* AppDelegate.swift */,
				DC6FCCFC1C9813D1004C61E0 /* Main.storyboard */,
				DC6FCCFF1C9813D1004C61E0 /* Assets.xcassets */,
				DC6FCD011C9813D1004C61E0 /* LaunchScreen.storyboard */,
				DC6FCD041C9813D1004C61E0 /* Info.plist */,
			);
			path = iSensorSwift;
			sourceTree = "<group>";
		};
/* End PBXGroup section */

/* Begin PBXNativeTarget section */
		DC6FCCF41C9813D1004C61E0 /* iSensorSwift */ = {
			isa = PBXNativeTarget;
			buildConfigurationList = DC6FCD071C9813D1004C61E0 /* Build configuration list for PBXNativeTarget "iSensorSwift" */;
			buildPhases = (
				DC6FCCF11C9813D1004C61E0 /* Sources */,
				DC6FCCF21C9813D1004C61E0 /* Frameworks */,
				DC6FCCF31C9813D1004C61E0 /* Resources */,
			);
			buildRules = (
			);
			dependencies = (
			);
			name = iSensorSwift;
			productName = iSensorSwift;
			productReference = DC6FCCF51C9813D1004C61E0 /* iSensorSwift.app */;
			productType = "com.apple.product-type.application";
		};
/* End PBXNativeTarget section */

/* Begin PBXProject section */
		DC6FCCED1C9813D1004C61E0 /* Project object */ = {
			isa = PBXProject;
			attributes = {
				LastSwiftUpdateCheck = 0720;
				LastUpgradeCheck = 0720;
				ORGANIZATIONNAME = koogawa;
				TargetAttributes = {
					DC6FCCF41C9813D1004C61E0 = {
						CreatedOnToolsVersion = 7.2.1;
					};
				};
			};
			buildConfigurationList = DC6FCCF01C9813D1004C61E0 /* Build configuration list for PBXProject "iSensorSwift" */;
			compatibilityVersion = "Xcode 3.2";
			developmentRegion = English;
			hasScannedForEncodings = 0;
			knownRegions = (
				en,
				Base,
			);
			mainGroup = DC6FCCEC1C9813D1004C61E0;
			productRefGroup = DC6FCCF61C9813D1004C61E0 /* Products */;
			projectDirPath = "";
			projectRoot = "";
			targets = (
				DC6FCCF41C9813D1004C61E0 /* iSensorSwift */,
			);
		};
/* End PBXProject section */

/* Begin PBXResourcesBuildPhase section */
		DC6FCCF31C9813D1004C61E0 /* Resources */ = {
			isa = PBXResourcesBuildPhase;
			buildActionMask = 2147483647;
			files = (
				DC6FCD031C9813D1004C61E0 /* LaunchScreen.storyboard in Resources */,
				DC6FCD001C9813D1004C61E0 /* Assets.xcassets in Resources */,
				DC6FCCFE1C9813D1004C61E0 /* Main.storyboard in Resources */,
			);
			runOnlyForDeploymentPostprocessing = 0;
		};
/* End PBXResourcesBuildPhase section */

/* Begin PBXSourcesBuildPhase section */
		DC6FCCF11C9813D1004C61E0 /* Sources */ = {
			isa = PBXSourcesBuildPhase;
			buildActionMask = 2147483647;
			files = (
				2107BDFB1C9D3B7E005C46EE /* ProximityViewController.swift in Sources */,
				DC6FCCFB1C9813D1004C61E0 /* BatteryViewController.swift in Sources */,
				DC6FCCF91C9813D1004C61E0 /* AppDelegate.swift in Sources */,
				21163D5D1C9E1B46005CC2D0 /* ShakeViewController.swift in Sources */,
			);
			runOnlyForDeploymentPostprocessing = 0;
		};
/* End PBXSourcesBuildPhase section */

/* Begin PBXVariantGroup section */
		DC6FCCFC1C9813D1004C61E0 /* Main.storyboard */ = {
			isa = PBXVariantGroup;
			children = (
				DC6FCCFD1C9813D1004C61E0 /* Base */,
			);
			name = Main.storyboard;
			sourceTree = "<group>";
		};
		DC6FCD011C9813D1004C61E0 /* LaunchScreen.storyboard */ = {
			isa = PBXVariantGroup;
			children = (
				DC6FCD021C9813D1004C61E0 /* Base */,
			);
			name = LaunchScreen.storyboard;
			sourceTree = "<group>";
		};
/* End PBXVariantGroup section */

/* Begin XCBuildConfiguration section */
		DC6FCD051C9813D1004C61E0 /* Debug */ = {
			isa = XCBuildConfiguration;
			buildSettings = {
				ALWAYS_SEARCH_USER_PATHS = NO;
				CLANG_CXX_LANGUAGE_STANDARD = "gnu++0x";
				CLANG_CXX_LIBRARY = "libc++";
				CLANG_ENABLE_MODULES = YES;
				CLANG_ENABLE_OBJC_ARC = YES;
				CLANG_WARN_BOOL_CONVERSION = YES;
				CLANG_WARN_CONSTANT_CONVERSION = YES;
				CLANG_WARN_DIRECT_OBJC_ISA_USAGE = YES_ERROR;
				CLANG_WARN_EMPTY_BODY = YES;
				CLANG_WARN_ENUM_CONVERSION = YES;
				CLANG_WARN_INT_CONVERSION = YES;
				CLANG_WARN_OBJC_ROOT_CLASS = YES_ERROR;
				CLANG_WARN_UNREACHABLE_CODE = YES;
				CLANG_WARN__DUPLICATE_METHOD_MATCH = YES;
				"CODE_SIGN_IDENTITY[sdk=iphoneos*]" = "iPhone Developer";
				COPY_PHASE_STRIP = NO;
				DEBUG_INFORMATION_FORMAT = dwarf;
				ENABLE_STRICT_OBJC_MSGSEND = YES;
				ENABLE_TESTABILITY = YES;
				GCC_C_LANGUAGE_STANDARD = gnu99;
				GCC_DYNAMIC_NO_PIC = NO;
				GCC_NO_COMMON_BLOCKS = YES;
				GCC_OPTIMIZATION_LEVEL = 0;
				GCC_PREPROCESSOR_DEFINITIONS = (
					"DEBUG=1",
					"$(inherited)",
				);
				GCC_WARN_64_TO_32_BIT_CONVERSION = YES;
				GCC_WARN_ABOUT_RETURN_TYPE = YES_ERROR;
				GCC_WARN_UNDECLARED_SELECTOR = YES;
				GCC_WARN_UNINITIALIZED_AUTOS = YES_AGGRESSIVE;
				GCC_WARN_UNUSED_FUNCTION = YES;
				GCC_WARN_UNUSED_VARIABLE = YES;
				IPHONEOS_DEPLOYMENT_TARGET = 9.2;
				MTL_ENABLE_DEBUG_INFO = YES;
				ONLY_ACTIVE_ARCH = YES;
				SDKROOT = iphoneos;
				SWIFT_OPTIMIZATION_LEVEL = "-Onone";
			};
			name = Debug;
		};
		DC6FCD061C9813D1004C61E0 /* Release */ = {
			isa = XCBuildConfiguration;
			buildSettings = {
				ALWAYS_SEARCH_USER_PATHS = NO;
				CLANG_CXX_LANGUAGE_STANDARD = "gnu++0x";
				CLANG_CXX_LIBRARY = "libc++";
				CLANG_ENABLE_MODULES = YES;
				CLANG_ENABLE_OBJC_ARC = YES;
				CLANG_WARN_BOOL_CONVERSION = YES;
				CLANG_WARN_CONSTANT_CONVERSION = YES;
				CLANG_WARN_DIRECT_OBJC_ISA_USAGE = YES_ERROR;
				CLANG_WARN_EMPTY_BODY = YES;
				CLANG_WARN_ENUM_CONVERSION = YES;
				CLANG_WARN_INT_CONVERSION = YES;
				CLANG_WARN_OBJC_ROOT_CLASS = YES_ERROR;
				CLANG_WARN_UNREACHABLE_CODE = YES;
				CLANG_WARN__DUPLICATE_METHOD_MATCH = YES;
				"CODE_SIGN_IDENTITY[sdk=iphoneos*]" = "iPhone Developer";
				COPY_PHASE_STRIP = NO;
				DEBUG_INFORMATION_FORMAT = "dwarf-with-dsym";
				ENABLE_NS_ASSERTIONS = NO;
				ENABLE_STRICT_OBJC_MSGSEND = YES;
				GCC_C_LANGUAGE_STANDARD = gnu99;
				GCC_NO_COMMON_BLOCKS = YES;
				GCC_WARN_64_TO_32_BIT_CONVERSION = YES;
				GCC_WARN_ABOUT_RETURN_TYPE = YES_ERROR;
				GCC_WARN_UNDECLARED_SELECTOR = YES;
				GCC_WARN_UNINITIALIZED_AUTOS = YES_AGGRESSIVE;
				GCC_WARN_UNUSED_FUNCTION = YES;
				GCC_WARN_UNUSED_VARIABLE = YES;
				IPHONEOS_DEPLOYMENT_TARGET = 9.2;
				MTL_ENABLE_DEBUG_INFO = NO;
				SDKROOT = iphoneos;
				VALIDATE_PRODUCT = YES;
			};
			name = Release;
		};
		DC6FCD081C9813D1004C61E0 /* Debug */ = {
			isa = XCBuildConfiguration;
			buildSettings = {
				ASSETCATALOG_COMPILER_APPICON_NAME = AppIcon;
				INFOPLIST_FILE = iSensorSwift/Info.plist;
				LD_RUNPATH_SEARCH_PATHS = "$(inherited) @executable_path/Frameworks";
				PRODUCT_BUNDLE_IDENTIFIER = com.koogawa.iSensorSwift;
				PRODUCT_NAME = "$(TARGET_NAME)";
			};
			name = Debug;
		};
		DC6FCD091C9813D1004C61E0 /* Release */ = {
			isa = XCBuildConfiguration;
			buildSettings = {
				ASSETCATALOG_COMPILER_APPICON_NAME = AppIcon;
				INFOPLIST_FILE = iSensorSwift/Info.plist;
				LD_RUNPATH_SEARCH_PATHS = "$(inherited) @executable_path/Frameworks";
				PRODUCT_BUNDLE_IDENTIFIER = com.koogawa.iSensorSwift;
				PRODUCT_NAME = "$(TARGET_NAME)";
			};
			name = Release;
		};
/* End XCBuildConfiguration section */

/* Begin XCConfigurationList section */
		DC6FCCF01C9813D1004C61E0 /* Build configuration list for PBXProject "iSensorSwift" */ = {
			isa = XCConfigurationList;
			buildConfigurations = (
				DC6FCD051C9813D1004C61E0 /* Debug */,
				DC6FCD061C9813D1004C61E0 /* Release */,
			);
			defaultConfigurationIsVisible = 0;
			defaultConfigurationName = Release;
		};
		DC6FCD071C9813D1004C61E0 /* Build configuration list for PBXNativeTarget "iSensorSwift" */ = {
			isa = XCConfigurationList;
			buildConfigurations = (
				DC6FCD081C9813D1004C61E0 /* Debug */,
				DC6FCD091C9813D1004C61E0 /* Release */,
			);
			defaultConfigurationIsVisible = 0;
			defaultConfigurationName = Release;
		};
/* End XCConfigurationList section */
	};
	rootObject = DC6FCCED1C9813D1004C61E0 /* Project object */;
}
